
Microsoft Visual Studio Solution File, Format Version 12.00
# Visual Studio Version 17
VisualStudioVersion = 17.8.34525.116
MinimumVisualStudioVersion = 10.0.40219.1
Project("{FAE04EC0-301F-11D3-BF4B-00C04F79EFBC}") = "Week15OOPAndFiles", "Week15OOPAndFiles\Week15OOPAndFiles.csproj", "{98C96979-43C7-4D77-B83F-5F610600F3AD}"
EndProject
Global
	GlobalSection(SolutionConfigurationPlatforms) = preSolution
		Debug|Any CPU = Debug|Any CPU
		Release|Any CPU = Release|Any CPU
	EndGlobalSection
	GlobalSection(ProjectConfigurationPlatforms) = postSolution
		{98C96979-43C7-4D77-B83F-5F610600F3AD}.Debug|Any CPU.ActiveCfg = Debug|Any CPU
		{98C96979-43C7-4D77-B83F-5F610600F3AD}.Debug|Any CPU.Build.0 = Debug|Any CPU
		{98C96979-43C7-4D77-B83F-5F610600F3AD}.Release|Any CPU.ActiveCfg = Release|Any CPU
		{98C96979-43C7-4D77-B83F-5F610600F3AD}.Release|Any CPU.Build.0 = Release|Any CPU
	EndGlobalSection
	GlobalSection(SolutionProperties) = preSolution
		HideSolutionNode = FALSE
	EndGlobalSection
	GlobalSection(ExtensibilityGlobals) = postSolution
		SolutionGuid = {CDA0AD65-5F54-4DF4-B904-E90F5C58E66C}
	EndGlobalSection
EndGlobal
